
Microsoft Visual Studio Solution File, Format Version 12.00
# Visual Studio Version 17
VisualStudioVersion = 17.11.35312.102
MinimumVisualStudioVersion = 10.0.40219.1
Project("{2150E333-8FDC-42A3-9474-1A3956D46DE8}") = "Services", "Services", "{DBB4E254-DF0F-484A-A8FA-41884036C50B}"
EndProject
Project("{2150E333-8FDC-42A3-9474-1A3956D46DE8}") = "Catalog", "Catalog", "{82AB3E86-5662-427E-B61B-F407BA5ADC57}"
EndProject
Project("{9A19103F-16F7-4668-BE54-9A1E7A4F7556}") = "Catalog.API", "Services\Catalog\Catalog.API\Catalog.API.csproj", "{BF6C4BCE-4D1E-4EEC-94AA-4A257933E56E}"
EndProject
Project("{2150E333-8FDC-42A3-9474-1A3956D46DE8}") = "Common", "Common", "{CBA2F948-BA2F-4A4D-9149-76B097AFF0A0}"
EndProject
Project("{9A19103F-16F7-4668-BE54-9A1E7A4F7556}") = "Common", "Common\Common\Common.csproj", "{0B2A9DAF-3593-42E9-8739-CC842143EA74}"
EndProject
Project("{2150E333-8FDC-42A3-9474-1A3956D46DE8}") = "Solution Items", "Solution Items", "{071F722C-B47E-49A8-B3F3-16EC8C486711}"
EndProject
Project("{E53339B2-1760-4266-BCC7-CA923CBCF16C}") = "docker-compose", "docker-compose.dcproj", "{055DCE6C-98DC-4284-B718-D6B85709B78D}"
EndProject
Project("{2150E333-8FDC-42A3-9474-1A3956D46DE8}") = "Basket", "Basket", "{AFFAE0F1-4BED-4883-B7B0-62AB9ECAA894}"
EndProject
Project("{9A19103F-16F7-4668-BE54-9A1E7A4F7556}") = "Basket.API", "Services\Basket\Basket.API\Basket.API.csproj", "{9836B2D4-2C9E-44C3-AE13-032EAA72D4A4}"
EndProject
Project("{2150E333-8FDC-42A3-9474-1A3956D46DE8}") = "Discount", "Discount", "{ED62B644-6B68-47AB-A01E-81F74B3B7C8E}"
EndProject
Project("{9A19103F-16F7-4668-BE54-9A1E7A4F7556}") = "Discount.Grpc", "Services\Discount\Discount.Grpc\Discount.Grpc.csproj", "{680D2F54-9D7F-4B55-ACF9-5EFF4CC2C7CA}"
EndProject
Project("{9A19103F-16F7-4668-BE54-9A1E7A4F7556}") = "Ordering.API", "Services\Ordering\Ordering.API\Ordering.API.csproj", "{E69FB1DC-7769-45F4-960E-FF72445A2B40}"
EndProject
Project("{2150E333-8FDC-42A3-9474-1A3956D46DE8}") = "Ordering", "Ordering", "{27D6FF0C-F6CD-4A7A-875B-E4B83412B6EF}"
EndProject
Project("{9A19103F-16F7-4668-BE54-9A1E7A4F7556}") = "Ordering.Domain", "Services\Ordering\Ordering.Domain\Ordering.Domain.csproj", "{520B3A7A-3B9B-46B3-BD0A-773F937EACF9}"
EndProject
Project("{9A19103F-16F7-4668-BE54-9A1E7A4F7556}") = "Ordering.Application", "Services\Ordering\Ordering.Application\Ordering.Application.csproj", "{18917A5C-F45E-4E8C-A168-48D9BE317831}"
EndProject
Project("{9A19103F-16F7-4668-BE54-9A1E7A4F7556}") = "Ordering.Infrastructure", "Services\Ordering\Ordering.Infrastructure\Ordering.Infrastructure.csproj", "{4F6EC631-75E8-49A9-8DD7-A21B58129352}"
EndProject
Project("{9A19103F-16F7-4668-BE54-9A1E7A4F7556}") = "Common.Messaging", "Common.Messaging\Common.Messaging.csproj", "{B613B644-2766-4CAF-9A3E-45D6BD364E21}"
EndProject
Project("{2150E333-8FDC-42A3-9474-1A3956D46DE8}") = "Gateway", "Gateway", "{6A491275-1A4E-4F31-A907-C9CFC85F3C2C}"
EndProject
Project("{9A19103F-16F7-4668-BE54-9A1E7A4F7556}") = "YarpGateway", "Gateway\YarpGateway\YarpGateway.csproj", "{0E671518-EB48-48EE-B3FC-C534B7AD2BA5}"
EndProject
Project("{2150E333-8FDC-42A3-9474-1A3956D46DE8}") = "Client", "Client", "{4B01349D-A029-42EE-A8AC-C471B7B89261}"
EndProject
Project("{FAE04EC0-301F-11D3-BF4B-00C04F79EFBC}") = "Web", "Web\Web.csproj", "{B2F80F1B-F237-44E4-AA9B-B41BD37F134B}"
EndProject
Global
	GlobalSection(SolutionConfigurationPlatforms) = preSolution
		Debug|Any CPU = Debug|Any CPU
		Release|Any CPU = Release|Any CPU
	EndGlobalSection
	GlobalSection(ProjectConfigurationPlatforms) = postSolution
		{BF6C4BCE-4D1E-4EEC-94AA-4A257933E56E}.Debug|Any CPU.ActiveCfg = Debug|Any CPU
		{BF6C4BCE-4D1E-4EEC-94AA-4A257933E56E}.Debug|Any CPU.Build.0 = Debug|Any CPU
		{BF6C4BCE-4D1E-4EEC-94AA-4A257933E56E}.Release|Any CPU.ActiveCfg = Release|Any CPU
		{BF6C4BCE-4D1E-4EEC-94AA-4A257933E56E}.Release|Any CPU.Build.0 = Release|Any CPU
		{0B2A9DAF-3593-42E9-8739-CC842143EA74}.Debug|Any CPU.ActiveCfg = Debug|Any CPU
		{0B2A9DAF-3593-42E9-8739-CC842143EA74}.Debug|Any CPU.Build.0 = Debug|Any CPU
		{0B2A9DAF-3593-42E9-8739-CC842143EA74}.Release|Any CPU.ActiveCfg = Release|Any CPU
		{0B2A9DAF-3593-42E9-8739-CC842143EA74}.Release|Any CPU.Build.0 = Release|Any CPU
		{055DCE6C-98DC-4284-B718-D6B85709B78D}.Debug|Any CPU.ActiveCfg = Debug|Any CPU
		{055DCE6C-98DC-4284-B718-D6B85709B78D}.Debug|Any CPU.Build.0 = Debug|Any CPU
		{055DCE6C-98DC-4284-B718-D6B85709B78D}.Release|Any CPU.ActiveCfg = Release|Any CPU
		{055DCE6C-98DC-4284-B718-D6B85709B78D}.Release|Any CPU.Build.0 = Release|Any CPU
		{9836B2D4-2C9E-44C3-AE13-032EAA72D4A4}.Debug|Any CPU.ActiveCfg = Debug|Any CPU
		{9836B2D4-2C9E-44C3-AE13-032EAA72D4A4}.Debug|Any CPU.Build.0 = Debug|Any CPU
		{9836B2D4-2C9E-44C3-AE13-032EAA72D4A4}.Release|Any CPU.ActiveCfg = Release|Any CPU
		{9836B2D4-2C9E-44C3-AE13-032EAA72D4A4}.Release|Any CPU.Build.0 = Release|Any CPU
		{680D2F54-9D7F-4B55-ACF9-5EFF4CC2C7CA}.Debug|Any CPU.ActiveCfg = Debug|Any CPU
		{680D2F54-9D7F-4B55-ACF9-5EFF4CC2C7CA}.Debug|Any CPU.Build.0 = Debug|Any CPU
		{680D2F54-9D7F-4B55-ACF9-5EFF4CC2C7CA}.Release|Any CPU.ActiveCfg = Release|Any CPU
		{680D2F54-9D7F-4B55-ACF9-5EFF4CC2C7CA}.Release|Any CPU.Build.0 = Release|Any CPU
		{E69FB1DC-7769-45F4-960E-FF72445A2B40}.Debug|Any CPU.ActiveCfg = Debug|Any CPU
		{E69FB1DC-7769-45F4-960E-FF72445A2B40}.Debug|Any CPU.Build.0 = Debug|Any CPU
		{E69FB1DC-7769-45F4-960E-FF72445A2B40}.Release|Any CPU.ActiveCfg = Release|Any CPU
		{E69FB1DC-7769-45F4-960E-FF72445A2B40}.Release|Any CPU.Build.0 = Release|Any CPU
		{520B3A7A-3B9B-46B3-BD0A-773F937EACF9}.Debug|Any CPU.ActiveCfg = Debug|Any CPU
		{520B3A7A-3B9B-46B3-BD0A-773F937EACF9}.Debug|Any CPU.Build.0 = Debug|Any CPU
		{520B3A7A-3B9B-46B3-BD0A-773F937EACF9}.Release|Any CPU.ActiveCfg = Release|Any CPU
		{520B3A7A-3B9B-46B3-BD0A-773F937EACF9}.Release|Any CPU.Build.0 = Release|Any CPU
		{18917A5C-F45E-4E8C-A168-48D9BE317831}.Debug|Any CPU.ActiveCfg = Debug|Any CPU
		{18917A5C-F45E-4E8C-A168-48D9BE317831}.Debug|Any CPU.Build.0 = Debug|Any CPU
		{18917A5C-F45E-4E8C-A168-48D9BE317831}.Release|Any CPU.ActiveCfg = Release|Any CPU
		{18917A5C-F45E-4E8C-A168-48D9BE317831}.Release|Any CPU.Build.0 = Release|Any CPU
		{4F6EC631-75E8-49A9-8DD7-A21B58129352}.Debug|Any CPU.ActiveCfg = Debug|Any CPU
		{4F6EC631-75E8-49A9-8DD7-A21B58129352}.Debug|Any CPU.Build.0 = Debug|Any CPU
		{4F6EC631-75E8-49A9-8DD7-A21B58129352}.Release|Any CPU.ActiveCfg = Release|Any CPU
		{4F6EC631-75E8-49A9-8DD7-A21B58129352}.Release|Any CPU.Build.0 = Release|Any CPU
		{B613B644-2766-4CAF-9A3E-45D6BD364E21}.Debug|Any CPU.ActiveCfg = Debug|Any CPU
		{B613B644-2766-4CAF-9A3E-45D6BD364E21}.Debug|Any CPU.Build.0 = Debug|Any CPU
		{B613B644-2766-4CAF-9A3E-45D6BD364E21}.Release|Any CPU.ActiveCfg = Release|Any CPU
		{B613B644-2766-4CAF-9A3E-45D6BD364E21}.Release|Any CPU.Build.0 = Release|Any CPU
		{0E671518-EB48-48EE-B3FC-C534B7AD2BA5}.Debug|Any CPU.ActiveCfg = Debug|Any CPU
		{0E671518-EB48-48EE-B3FC-C534B7AD2BA5}.Debug|Any CPU.Build.0 = Debug|Any CPU
		{0E671518-EB48-48EE-B3FC-C534B7AD2BA5}.Release|Any CPU.ActiveCfg = Release|Any CPU
		{0E671518-EB48-48EE-B3FC-C534B7AD2BA5}.Release|Any CPU.Build.0 = Release|Any CPU
		{B2F80F1B-F237-44E4-AA9B-B41BD37F134B}.Debug|Any CPU.ActiveCfg = Debug|Any CPU
		{B2F80F1B-F237-44E4-AA9B-B41BD37F134B}.Debug|Any CPU.Build.0 = Debug|Any CPU
		{B2F80F1B-F237-44E4-AA9B-B41BD37F134B}.Release|Any CPU.ActiveCfg = Release|Any CPU
		{B2F80F1B-F237-44E4-AA9B-B41BD37F134B}.Release|Any CPU.Build.0 = Release|Any CPU
	EndGlobalSection
	GlobalSection(SolutionProperties) = preSolution
		HideSolutionNode = FALSE
	EndGlobalSection
	GlobalSection(NestedProjects) = preSolution
		{82AB3E86-5662-427E-B61B-F407BA5ADC57} = {DBB4E254-DF0F-484A-A8FA-41884036C50B}
		{BF6C4BCE-4D1E-4EEC-94AA-4A257933E56E} = {82AB3E86-5662-427E-B61B-F407BA5ADC57}
		{0B2A9DAF-3593-42E9-8739-CC842143EA74} = {CBA2F948-BA2F-4A4D-9149-76B097AFF0A0}
		{055DCE6C-98DC-4284-B718-D6B85709B78D} = {071F722C-B47E-49A8-B3F3-16EC8C486711}
		{AFFAE0F1-4BED-4883-B7B0-62AB9ECAA894} = {DBB4E254-DF0F-484A-A8FA-41884036C50B}
		{9836B2D4-2C9E-44C3-AE13-032EAA72D4A4} = {AFFAE0F1-4BED-4883-B7B0-62AB9ECAA894}
		{ED62B644-6B68-47AB-A01E-81F74B3B7C8E} = {DBB4E254-DF0F-484A-A8FA-41884036C50B}
		{680D2F54-9D7F-4B55-ACF9-5EFF4CC2C7CA} = {ED62B644-6B68-47AB-A01E-81F74B3B7C8E}
		{E69FB1DC-7769-45F4-960E-FF72445A2B40} = {27D6FF0C-F6CD-4A7A-875B-E4B83412B6EF}
		{27D6FF0C-F6CD-4A7A-875B-E4B83412B6EF} = {DBB4E254-DF0F-484A-A8FA-41884036C50B}
		{520B3A7A-3B9B-46B3-BD0A-773F937EACF9} = {27D6FF0C-F6CD-4A7A-875B-E4B83412B6EF}
		{18917A5C-F45E-4E8C-A168-48D9BE317831} = {27D6FF0C-F6CD-4A7A-875B-E4B83412B6EF}
		{4F6EC631-75E8-49A9-8DD7-A21B58129352} = {27D6FF0C-F6CD-4A7A-875B-E4B83412B6EF}
		{B613B644-2766-4CAF-9A3E-45D6BD364E21} = {CBA2F948-BA2F-4A4D-9149-76B097AFF0A0}
		{0E671518-EB48-48EE-B3FC-C534B7AD2BA5} = {6A491275-1A4E-4F31-A907-C9CFC85F3C2C}
		{B2F80F1B-F237-44E4-AA9B-B41BD37F134B} = {4B01349D-A029-42EE-A8AC-C471B7B89261}
	EndGlobalSection
EndGlobal
